
Microsoft Visual Studio Solution File, Format Version 12.00
# Visual Studio Version 17
VisualStudioVersion = 17.6.33829.357
MinimumVisualStudioVersion = 10.0.40219.1
Project("{FAE04EC0-301F-11D3-BF4B-00C04F79EFBC}") = "sbehsreematt56faV1", "sbehsreematt56faV1.csproj", "{FCCCCEDD-34A5-4C73-83B7-E560F5B4A349}"
EndProject
Global
	GlobalSection(SolutionConfigurationPlatforms) = preSolution
		Debug|Any CPU = Debug|Any CPU
		Release|Any CPU = Release|Any CPU
	EndGlobalSection
	GlobalSection(ProjectConfigurationPlatforms) = postSolution
		{FCCCCEDD-34A5-4C73-83B7-E560F5B4A349}.Debug|Any CPU.ActiveCfg = Debug|Any CPU
		{FCCCCEDD-34A5-4C73-83B7-E560F5B4A349}.Debug|Any CPU.Build.0 = Debug|Any CPU
		{FCCCCEDD-34A5-4C73-83B7-E560F5B4A349}.Release|Any CPU.ActiveCfg = Release|Any CPU
		{FCCCCEDD-34A5-4C73-83B7-E560F5B4A349}.Release|Any CPU.Build.0 = Release|Any CPU
	EndGlobalSection
	GlobalSection(SolutionProperties) = preSolution
		HideSolutionNode = FALSE
	EndGlobalSection
	GlobalSection(ExtensibilityGlobals) = postSolution
		SolutionGuid = {EC482B12-E609-40C1-9791-16FD8AD48B63}
	EndGlobalSection
EndGlobal
